
Microsoft Visual Studio Solution File, Format Version 12.00
# Visual Studio Version 17
VisualStudioVersion = 17.0.31903.59
MinimumVisualStudioVersion = 10.0.40219.1
Project("{FAE04EC0-301F-11D3-BF4B-00C04F79EFBC}") = "PedidoService.API", "PedidoService.API\PedidoService.API.csproj", "{12FB503C-4534-4EFC-84E4-1DE68F02682C}"
EndProject
Project("{FAE04EC0-301F-11D3-BF4B-00C04F79EFBC}") = "PedidoService.Application", "PedidoService.Application\PedidoService.Application.csproj", "{E337039F-786A-4687-9CAC-027E65C623E8}"
EndProject
Project("{FAE04EC0-301F-11D3-BF4B-00C04F79EFBC}") = "PedidoService.Domain", "PedidoService.Domain\PedidoService.Domain.csproj", "{D7960095-3A5E-4BB6-8CC2-052950F73610}"
EndProject
Project("{FAE04EC0-301F-11D3-BF4B-00C04F79EFBC}") = "PedidoService.Infrastructure", "PedidoService.Infrastructure\PedidoService.Infrastructure.csproj", "{0863D899-220D-4547-BDE7-0176E05C3267}"
EndProject
Project("{2150E333-8FDC-42A3-9474-1A3956D46DE8}") = "tests", "tests", "{0AB3BF05-4346-4AA6-1389-037BE0695223}"
EndProject
Project("{FAE04EC0-301F-11D3-BF4B-00C04F79EFBC}") = "PedidoService.Tests", "tests\PedidoService.Tests\PedidoService.Tests.csproj", "{C71253C9-C573-405C-A3A2-D34BA8172783}"
EndProject
Global
	GlobalSection(SolutionConfigurationPlatforms) = preSolution
		Debug|Any CPU = Debug|Any CPU
		Debug|x64 = Debug|x64
		Debug|x86 = Debug|x86
		Release|Any CPU = Release|Any CPU
		Release|x64 = Release|x64
		Release|x86 = Release|x86
	EndGlobalSection
	GlobalSection(ProjectConfigurationPlatforms) = postSolution
		{12FB503C-4534-4EFC-84E4-1DE68F02682C}.Debug|Any CPU.ActiveCfg = Debug|Any CPU
		{12FB503C-4534-4EFC-84E4-1DE68F02682C}.Debug|Any CPU.Build.0 = Debug|Any CPU
		{12FB503C-4534-4EFC-84E4-1DE68F02682C}.Debug|x64.ActiveCfg = Debug|Any CPU
		{12FB503C-4534-4EFC-84E4-1DE68F02682C}.Debug|x64.Build.0 = Debug|Any CPU
		{12FB503C-4534-4EFC-84E4-1DE68F02682C}.Debug|x86.ActiveCfg = Debug|Any CPU
		{12FB503C-4534-4EFC-84E4-1DE68F02682C}.Debug|x86.Build.0 = Debug|Any CPU
		{12FB503C-4534-4EFC-84E4-1DE68F02682C}.Release|Any CPU.ActiveCfg = Release|Any CPU
		{12FB503C-4534-4EFC-84E4-1DE68F02682C}.Release|Any CPU.Build.0 = Release|Any CPU
		{12FB503C-4534-4EFC-84E4-1DE68F02682C}.Release|x64.ActiveCfg = Release|Any CPU
		{12FB503C-4534-4EFC-84E4-1DE68F02682C}.Release|x64.Build.0 = Release|Any CPU
		{12FB503C-4534-4EFC-84E4-1DE68F02682C}.Release|x86.ActiveCfg = Release|Any CPU
		{12FB503C-4534-4EFC-84E4-1DE68F02682C}.Release|x86.Build.0 = Release|Any CPU
		{E337039F-786A-4687-9CAC-027E65C623E8}.Debug|Any CPU.ActiveCfg = Debug|Any CPU
		{E337039F-786A-4687-9CAC-027E65C623E8}.Debug|Any CPU.Build.0 = Debug|Any CPU
		{E337039F-786A-4687-9CAC-027E65C623E8}.Debug|x64.ActiveCfg = Debug|Any CPU
		{E337039F-786A-4687-9CAC-027E65C623E8}.Debug|x64.Build.0 = Debug|Any CPU
		{E337039F-786A-4687-9CAC-027E65C623E8}.Debug|x86.ActiveCfg = Debug|Any CPU
		{E337039F-786A-4687-9CAC-027E65C623E8}.Debug|x86.Build.0 = Debug|Any CPU
		{E337039F-786A-4687-9CAC-027E65C623E8}.Release|Any CPU.ActiveCfg = Release|Any CPU
		{E337039F-786A-4687-9CAC-027E65C623E8}.Release|Any CPU.Build.0 = Release|Any CPU
		{E337039F-786A-4687-9CAC-027E65C623E8}.Release|x64.ActiveCfg = Release|Any CPU
		{E337039F-786A-4687-9CAC-027E65C623E8}.Release|x64.Build.0 = Release|Any CPU
		{E337039F-786A-4687-9CAC-027E65C623E8}.Release|x86.ActiveCfg = Release|Any CPU
		{E337039F-786A-4687-9CAC-027E65C623E8}.Release|x86.Build.0 = Release|Any CPU
		{D7960095-3A5E-4BB6-8CC2-052950F73610}.Debug|Any CPU.ActiveCfg = Debug|Any CPU
		{D7960095-3A5E-4BB6-8CC2-052950F73610}.Debug|Any CPU.Build.0 = Debug|Any CPU
		{D7960095-3A5E-4BB6-8CC2-052950F73610}.Debug|x64.ActiveCfg = Debug|Any CPU
		{D7960095-3A5E-4BB6-8CC2-052950F73610}.Debug|x64.Build.0 = Debug|Any CPU
		{D7960095-3A5E-4BB6-8CC2-052950F73610}.Debug|x86.ActiveCfg = Debug|Any CPU
		{D7960095-3A5E-4BB6-8CC2-052950F73610}.Debug|x86.Build.0 = Debug|Any CPU
		{D7960095-3A5E-4BB6-8CC2-052950F73610}.Release|Any CPU.ActiveCfg = Release|Any CPU
		{D7960095-3A5E-4BB6-8CC2-052950F73610}.Release|Any CPU.Build.0 = Release|Any CPU
		{D7960095-3A5E-4BB6-8CC2-052950F73610}.Release|x64.ActiveCfg = Release|Any CPU
		{D7960095-3A5E-4BB6-8CC2-052950F73610}.Release|x64.Build.0 = Release|Any CPU
		{D7960095-3A5E-4BB6-8CC2-052950F73610}.Release|x86.ActiveCfg = Release|Any CPU
		{D7960095-3A5E-4BB6-8CC2-052950F73610}.Release|x86.Build.0 = Release|Any CPU
		{0863D899-220D-4547-BDE7-0176E05C3267}.Debug|Any CPU.ActiveCfg = Debug|Any CPU
		{0863D899-220D-4547-BDE7-0176E05C3267}.Debug|Any CPU.Build.0 = Debug|Any CPU
		{0863D899-220D-4547-BDE7-0176E05C3267}.Debug|x64.ActiveCfg = Debug|Any CPU
		{0863D899-220D-4547-BDE7-0176E05C3267}.Debug|x64.Build.0 = Debug|Any CPU
		{0863D899-220D-4547-BDE7-0176E05C3267}.Debug|x86.ActiveCfg = Debug|Any CPU
		{0863D899-220D-4547-BDE7-0176E05C3267}.Debug|x86.Build.0 = Debug|Any CPU
		{0863D899-220D-4547-BDE7-0176E05C3267}.Release|Any CPU.ActiveCfg = Release|Any CPU
		{0863D899-220D-4547-BDE7-0176E05C3267}.Release|Any CPU.Build.0 = Release|Any CPU
		{0863D899-220D-4547-BDE7-0176E05C3267}.Release|x64.ActiveCfg = Release|Any CPU
		{0863D899-220D-4547-BDE7-0176E05C3267}.Release|x64.Build.0 = Release|Any CPU
		{0863D899-220D-4547-BDE7-0176E05C3267}.Release|x86.ActiveCfg = Release|Any CPU
		{0863D899-220D-4547-BDE7-0176E05C3267}.Release|x86.Build.0 = Release|Any CPU
		{C71253C9-C573-405C-A3A2-D34BA8172783}.Debug|Any CPU.ActiveCfg = Debug|Any CPU
		{C71253C9-C573-405C-A3A2-D34BA8172783}.Debug|Any CPU.Build.0 = Debug|Any CPU
		{C71253C9-C573-405C-A3A2-D34BA8172783}.Debug|x64.ActiveCfg = Debug|Any CPU
		{C71253C9-C573-405C-A3A2-D34BA8172783}.Debug|x64.Build.0 = Debug|Any CPU
		{C71253C9-C573-405C-A3A2-D34BA8172783}.Debug|x86.ActiveCfg = Debug|Any CPU
		{C71253C9-C573-405C-A3A2-D34BA8172783}.Debug|x86.Build.0 = Debug|Any CPU
		{C71253C9-C573-405C-A3A2-D34BA8172783}.Release|Any CPU.ActiveCfg = Release|Any CPU
		{C71253C9-C573-405C-A3A2-D34BA8172783}.Release|Any CPU.Build.0 = Release|Any CPU
		{C71253C9-C573-405C-A3A2-D34BA8172783}.Release|x64.ActiveCfg = Release|Any CPU
		{C71253C9-C573-405C-A3A2-D34BA8172783}.Release|x64.Build.0 = Release|Any CPU
		{C71253C9-C573-405C-A3A2-D34BA8172783}.Release|x86.ActiveCfg = Release|Any CPU
		{C71253C9-C573-405C-A3A2-D34BA8172783}.Release|x86.Build.0 = Release|Any CPU
	EndGlobalSection
	GlobalSection(SolutionProperties) = preSolution
		HideSolutionNode = FALSE
	EndGlobalSection
	GlobalSection(NestedProjects) = preSolution
		{C71253C9-C573-405C-A3A2-D34BA8172783} = {0AB3BF05-4346-4AA6-1389-037BE0695223}
	EndGlobalSection
EndGlobal
